
Microsoft Visual Studio Solution File, Format Version 12.00
# Visual Studio Version 17
VisualStudioVersion = 17.10.35027.167
MinimumVisualStudioVersion = 10.0.40219.1
Project("{FAE04EC0-301F-11D3-BF4B-00C04F79EFBC}") = "Try-Catch", "Try-Catch\Try-Catch.csproj", "{AED04672-DA17-4F10-AE7C-09B87EFCB5FB}"
EndProject
Global
	GlobalSection(SolutionConfigurationPlatforms) = preSolution
		Debug|Any CPU = Debug|Any CPU
		Release|Any CPU = Release|Any CPU
	EndGlobalSection
	GlobalSection(ProjectConfigurationPlatforms) = postSolution
		{AED04672-DA17-4F10-AE7C-09B87EFCB5FB}.Debug|Any CPU.ActiveCfg = Debug|Any CPU
		{AED04672-DA17-4F10-AE7C-09B87EFCB5FB}.Debug|Any CPU.Build.0 = Debug|Any CPU
		{AED04672-DA17-4F10-AE7C-09B87EFCB5FB}.Release|Any CPU.ActiveCfg = Release|Any CPU
		{AED04672-DA17-4F10-AE7C-09B87EFCB5FB}.Release|Any CPU.Build.0 = Release|Any CPU
	EndGlobalSection
	GlobalSection(SolutionProperties) = preSolution
		HideSolutionNode = FALSE
	EndGlobalSection
	GlobalSection(ExtensibilityGlobals) = postSolution
		SolutionGuid = {1988AA12-DA5C-410E-8E96-9CCB74F289C9}
	EndGlobalSection
EndGlobal
